{
    "_readme": [
        "This file locks the dependencies of your project to a known state",
        "Read more about it at https://getcomposer.org/doc/01-basic-usage.md#installing-dependencies",
        "This file is @generated automatically"
    ],
    "content-hash": "98bdbd14f55071dfcd3eb4d54ba7d4fb",
    "packages": [
        {
            "name": "workerman/gateway-worker",
            "version": "v3.0.20",
            "source": {
                "type": "git",
                "url": "https://github.com/walkor/GatewayWorker.git",
                "reference": "75b21653b3eaa99c4d5ae84ce8c5b27cda96d095"
            },
            "dist": {
                "type": "zip",
                "url": "https://api.github.com/repos/walkor/GatewayWorker/zipball/75b21653b3eaa99c4d5ae84ce8c5b27cda96d095",
                "reference": "75b21653b3eaa99c4d5ae84ce8c5b27cda96d095",
                "shasum": "",
                "mirrors": [
                    {
                        "url": "https://mirrors.aliyun.com/composer/dists/%package%/%reference%.%type%",
                        "preferred": true
                    }
                ]
            },
            "require": {
                "workerman/workerman": ">=3.5.0"
            },
            "type": "library",
            "autoload": {
                "psr-4": {
                    "GatewayWorker\\": "./src"
                }
            },
            "notification-url": "https://packagist.org/downloads/",
            "license": [
                "MIT"
            ],
            "homepage": "http://www.workerman.net",
            "keywords": [
                "communication",
                "distributed"
            ],
            "support": {
                "issues": "https://github.com/walkor/GatewayWorker/issues",
                "source": "https://github.com/walkor/GatewayWorker/tree/v3.0.20"
            },
            "time": "2021-04-13T13:19:21+00:00"
        },
        {
            "name": "workerman/mysql",
            "version": "v1.0.6",
            "source": {
                "type": "git",
                "url": "https://github.com/walkor/mysql.git",
                "reference": "28272aa68f9ea1a482f9bb0cf709d169f772d228"
            },
            "dist": {
                "type": "zip",
                "url": "https://api.github.com/repos/walkor/mysql/zipball/28272aa68f9ea1a482f9bb0cf709d169f772d228",
                "reference": "28272aa68f9ea1a482f9bb0cf709d169f772d228",
                "shasum": "",
                "mirrors": [
                    {
                        "url": "https://mirrors.aliyun.com/composer/dists/%package%/%reference%.%type%",
                        "preferred": true
                    }
                ]
            },
            "require": {
                "ext-pdo": "*",
                "ext-pdo_mysql": "*",
                "php": ">=5.3"
            },
            "type": "library",
            "autoload": {
                "psr-4": {
                    "Workerman\\MySQL\\": "./src"
                }
            },
            "notification-url": "https://packagist.org/downloads/",
            "license": [
                "MIT"
            ],
            "description": "Long-living MySQL connection for daemon.",
            "homepage": "http://www.workerman.net",
            "keywords": [
                "mysql",
                "pdo",
                "pdo_mysql"
            ],
            "support": {
                "issues": "https://github.com/walkor/mysql/issues",
                "source": "https://github.com/walkor/mysql/tree/v1.0.6"
            },
            "time": "2019-08-02T10:43:09+00:00"
        },
        {
            "name": "workerman/redis",
            "version": "v1.0.7",
            "source": {
                "type": "git",
                "url": "https://github.com/walkor/redis.git",
                "reference": "5e65740b72042130b9c928a2be7bebb8609a1f2e"
            },
            "dist": {
                "type": "zip",
                "url": "https://api.github.com/repos/walkor/redis/zipball/5e65740b72042130b9c928a2be7bebb8609a1f2e",
                "reference": "5e65740b72042130b9c928a2be7bebb8609a1f2e",
                "shasum": "",
                "mirrors": [
                    {
                        "url": "https://mirrors.aliyun.com/composer/dists/%package%/%reference%.%type%",
                        "preferred": true
                    }
                ]
            },
            "require": {
                "php": ">=5.4",
                "workerman/workerman": ">=3.5.0"
            },
            "type": "library",
            "autoload": {
                "psr-4": {
                    "Workerman\\Redis\\": "./src"
                }
            },
            "notification-url": "https://packagist.org/downloads/",
            "license": [
                "MIT"
            ],
            "homepage": "http://www.workerman.net",
            "support": {
                "issues": "https://github.com/walkor/redis/issues",
                "source": "https://github.com/walkor/redis/tree/v1.0.7"
            },
            "time": "2021-10-13T10:28:56+00:00"
        },
        {
            "name": "workerman/workerman",
            "version": "v4.0.22",
            "source": {
                "type": "git",
                "url": "https://github.com/walkor/Workerman.git",
                "reference": "df1a00d8f3ebd2d68527a048abb6d298fdc4941b"
            },
            "dist": {
                "type": "zip",
                "url": "https://api.github.com/repos/walkor/Workerman/zipball/df1a00d8f3ebd2d68527a048abb6d298fdc4941b",
                "reference": "df1a00d8f3ebd2d68527a048abb6d298fdc4941b",
                "shasum": "",
                "mirrors": [
                    {
                        "url": "https://mirrors.aliyun.com/composer/dists/%package%/%reference%.%type%",
                        "preferred": true
                    }
                ]
            },
            "require": {
                "php": ">=5.3"
            },
            "suggest": {
                "ext-event": "For better performance. "
            },
            "type": "library",
            "autoload": {
                "psr-4": {
                    "Workerman\\": "./"
                }
            },
            "notification-url": "https://packagist.org/downloads/",
            "license": [
                "MIT"
            ],
            "authors": [
                {
                    "name": "walkor",
                    "email": "walkor@workerman.net",
                    "homepage": "http://www.workerman.net",
                    "role": "Developer"
                }
            ],
            "description": "An asynchronous event driven PHP framework for easily building fast, scalable network applications.",
            "homepage": "http://www.workerman.net",
            "keywords": [
                "asynchronous",
                "event-loop"
            ],
            "support": {
                "email": "walkor@workerman.net",
                "forum": "http://wenda.workerman.net/",
                "issues": "https://github.com/walkor/workerman/issues",
                "source": "https://github.com/walkor/workerman",
                "wiki": "http://doc.workerman.net/"
            },
            "time": "2021-10-29T02:59:06+00:00"
        }
    ],
    "packages-dev": [],
    "aliases": [],
    "minimum-stability": "stable",
    "stability-flags": [],
    "prefer-stable": false,
    "prefer-lowest": false,
    "platform": [],
    "platform-dev": [],
    "plugin-api-version": "2.0.0"
}
